{
  "version": 4,
  "terraform_version": "1.1.9",
  "serial": 3,
  "lineage": "5452744e-4e06-1e67-08fa-1801d823643d",
  "outputs": {},
  "resources": [
    {
      "mode": "managed",
      "type": "google_container_cluster",
      "name": "primary",
      "provider": "provider[\"registry.terraform.io/hashicorp/google\"]",
      "instances": [
        {
          "schema_version": 1,
          "attributes": {
            "addons_config": [
              {
                "cloudrun_config": [],
                "gcp_filestore_csi_driver_config": [],
                "horizontal_pod_autoscaling": [],
                "http_load_balancing": [],
                "network_policy_config": [
                  {
                    "disabled": true
                  }
                ]
              }
            ],
            "authenticator_groups_config": [],
            "cluster_autoscaling": [
              {
                "auto_provisioning_defaults": [],
                "enabled": false,
                "resource_limits": []
              }
            ],
            "cluster_ipv4_cidr": "10.0.0.0/14",
            "confidential_nodes": [],
            "database_encryption": [
              {
                "key_name": "",
                "state": "DECRYPTED"
              }
            ],
            "datapath_provider": "",
            "default_max_pods_per_node": null,
            "default_snat_status": [
              {
                "disabled": false
              }
            ],
            "description": "",
            "dns_config": [],
            "enable_autopilot": false,
            "enable_binary_authorization": false,
            "enable_intranode_visibility": false,
            "enable_kubernetes_alpha": false,
            "enable_legacy_abac": false,
            "enable_shielded_nodes": true,
            "enable_tpu": false,
            "endpoint": "34.135.119.195",
            "id": "projects/sample-deployemt/locations/us-central1/clusters/sample-cluster",
            "initial_node_count": 1,
            "ip_allocation_policy": [],
            "label_fingerprint": "a9dc16a7",
            "location": "us-central1",
            "logging_config": [
              {
                "enable_components": [
                  "SYSTEM_COMPONENTS",
                  "WORKLOADS"
                ]
              }
            ],
            "logging_service": "logging.googleapis.com/kubernetes",
            "maintenance_policy": [],
            "master_auth": [
              {
                "client_certificate": "",
                "client_certificate_config": [
                  {
                    "issue_client_certificate": false
                  }
                ],
                "client_key": "",
                "cluster_ca_certificate": "LS0tLS1CRUdJTiBDRVJUSUZJQ0FURS0tLS0tCk1JSUVMRENDQXBTZ0F3SUJBZ0lRQnBVZlVIbWxmbEQwdUxUNHJob09vekFOQmdrcWhraUc5dzBCQVFzRkFEQXYKTVMwd0t3WURWUVFERXlSa05XTmpOV0pqTkMweFltUmhMVFE1WWpVdE9XWTRPQzFsTTJJNFpHRmxPVE5pTTJJdwpJQmNOTWpJd05USTJNREl4TkRRM1doZ1BNakExTWpBMU1UZ3dNekUwTkRkYU1DOHhMVEFyQmdOVkJBTVRKR1ExClkyTTFZbU0wTFRGaVpHRXRORGxpTlMwNVpqZzRMV1V6WWpoa1lXVTVNMkl6WWpDQ0FhSXdEUVlKS29aSWh2Y04KQVFFQkJRQURnZ0dQQURDQ0FZb0NnZ0dCQUxqL3g2dGIvT29DVnVYbjUyengwMFVJUHFmbjdpUGd5YkFMc05vWApJd1JQK3c1MW1mN2wzS0ZQc3AvZXR0ZmhHeTdmaFRHaTNSWVV0MCtYeVg1NXhSTzFhQlNYbG8vc3lOelQxTlRzCjFMMnVNNXBaMW5YOEVDUk9SMlc5a3BjY2M4bm1rL2lIbFM0VVBwekJHSUJxcnBhYXRrejFaaFdaTHpsdE1rU24KVXZyT0tXdVhIdFpNbmo0N2JTU2d4QmJBb1g2QlVyVDI1SVYySWd3N3Mva2NzNzVqQ2diVmhXbUp6bW1UZHVmMgpYTW9SNXIrNTJjbzlvdzR3Q0VmeStjVWNiTVU4T2JoK2c0VFR3ZmFBVjQ3OXVTNHlhM2hrVmpYeEszcnF1Q3dYCndFcWhMNnloblZkQ2gydEpOU1BibE4yQWhJZ1VKS1VCTEl4ZC93TUZUNnhCaFJqT1N3eEI3Z3dMYXVSYXFWL2wKTXNJeWQwRnFnZE52UjJrRWZYSGk5cGlwNml1dWxxendmMC9jbUlSMHJKbFVmM01uM1VXM1IwdEkwTVlYRXhuSwpHM0JUZ2xyYlJCbkNoT05YN1M3UDJTSUJ3OUYxekdJUitJZC9POFVydUl6WXJWQlhSSy9iTXJoNXRSdTFVZ3pFCk9uSXAzZDFjRDZmQ2E4WFBWM3dSNGEwVTZ3SURBUUFCbzBJd1FEQU9CZ05WSFE4QkFmOEVCQU1DQWdRd0R3WUQKVlIwVEFRSC9CQVV3QXdFQi96QWRCZ05WSFE0RUZnUVVRRDZGVWpTN3RZQ3hUdm44RmJjbVFmUDhISVF3RFFZSgpLb1pJaHZjTkFRRUxCUUFEZ2dHQkFEbTQzYmZTV0RINTRmc3JXdzNPekJGNmNDWkxaYk5SMEJVZFZLY0o5MllNCng2MHJsdjBkbGtQZnUwVWlmcmxFQ0daRitER0VTRG82KzVhK05xdnB3UTZyMGpkV3RMY0xHQWQrS3BYd3hjaTAKYWliK3lmRm9SRDJTSDBLUXN4Y2VHdnN5RHRqcWp2OG1lNkgvc29hSkNhMFNSN055MVN3TDg1WDlsdUR2QzNwdwpLL01JS3MxTEJ6ejgvNmVSamhmcWMvOGVuUWE5YnpWUVhINnJGVXlUcGw1UnU1RUFqYjh3WmRzY0Y4c0tJMHF6CkM5QmpoRzJuVlp0dVhQOXZsWXJqbXhOOGZBQk14WEVPaDM4MnI0MXBaRWNJR1NzMjJMRlFiamdlV0pYa1FBbzMKYUk0dFJJZUFDTDN1VGtuTmxkdXZnTGZYbDJWSEI0b1NrM05rK0NycUtsaTlvb1F3SkptL01VeW1NRFFyZDF1agprcmZVMzlPTWdrVU10S3FUM1h4ZlRaMUxudnpMcjJUMCtyc1VJRDYyNGt4VjhaeTI2VWZZTTZiMDhqUTRYakJ5CitqeW9HNzQ2NmlGazArZy9KZVp2aVBCTW1ubXJERmV6NDNINldRd3MrOXVzYzBKU0ZsMWdXak5GVG51S2VxRTcKaWVEWW4yMDN5TFhWVFh6YXpvMTNBZz09Ci0tLS0tRU5EIENFUlRJRklDQVRFLS0tLS0K"
              }
            ],
            "master_authorized_networks_config": [],
            "master_version": "1.21.11-gke.1100",
            "min_master_version": null,
            "monitoring_config": [
              {
                "enable_components": [
                  "SYSTEM_COMPONENTS"
                ]
              }
            ],
            "monitoring_service": "monitoring.googleapis.com/kubernetes",
            "name": "sample-cluster",
            "network": "projects/sample-deployemt/global/networks/default",
            "network_policy": [
              {
                "enabled": false,
                "provider": "PROVIDER_UNSPECIFIED"
              }
            ],
            "networking_mode": "ROUTES",
            "node_config": [],
            "node_locations": [
              "us-central1-b",
              "us-central1-c",
              "us-central1-f"
            ],
            "node_pool": [],
            "node_version": "1.21.11-gke.1100",
            "operation": null,
            "private_cluster_config": [],
            "private_ipv6_google_access": "",
            "project": "sample-deployemt",
            "release_channel": [
              {
                "channel": "REGULAR"
              }
            ],
            "remove_default_node_pool": true,
            "resource_labels": null,
            "resource_usage_export_config": [],
            "self_link": "https://container.googleapis.com/v1/projects/sample-deployemt/locations/us-central1/clusters/sample-cluster",
            "services_ipv4_cidr": "10.3.240.0/20",
            "subnetwork": "projects/sample-deployemt/regions/us-central1/subnetworks/default",
            "timeouts": null,
            "tpu_ipv4_cidr_block": "",
            "vertical_pod_autoscaling": [],
            "workload_identity_config": []
          },
          "sensitive_attributes": [],
          "private": "eyJlMmJmYjczMC1lY2FhLTExZTYtOGY4OC0zNDM2M2JjN2M0YzAiOnsiY3JlYXRlIjoyNDAwMDAwMDAwMDAwLCJkZWxldGUiOjI0MDAwMDAwMDAwMDAsInJlYWQiOjI0MDAwMDAwMDAwMDAsInVwZGF0ZSI6MzYwMDAwMDAwMDAwMH0sInNjaGVtYV92ZXJzaW9uIjoiMSJ9"
        }
      ]
    },
    {
      "mode": "managed",
      "type": "google_container_node_pool",
      "name": "primary_preemptible_nodes",
      "provider": "provider[\"registry.terraform.io/hashicorp/google\"]",
      "instances": [
        {
          "schema_version": 1,
          "attributes": {
            "autoscaling": [],
            "cluster": "sample-cluster",
            "id": "projects/sample-deployemt/locations/us-central1/clusters/sample-cluster/nodePools/my-node-pool",
            "initial_node_count": 1,
            "instance_group_urls": [
              "https://www.googleapis.com/compute/v1/projects/sample-deployemt/zones/us-central1-f/instanceGroupManagers/gke-sample-cluster-my-node-pool-2c35b482-grp",
              "https://www.googleapis.com/compute/v1/projects/sample-deployemt/zones/us-central1-c/instanceGroupManagers/gke-sample-cluster-my-node-pool-4348a39e-grp",
              "https://www.googleapis.com/compute/v1/projects/sample-deployemt/zones/us-central1-b/instanceGroupManagers/gke-sample-cluster-my-node-pool-18884a37-grp"
            ],
            "location": "us-central1",
            "managed_instance_group_urls": [
              "https://www.googleapis.com/compute/v1/projects/sample-deployemt/zones/us-central1-f/instanceGroups/gke-sample-cluster-my-node-pool-2c35b482-grp",
              "https://www.googleapis.com/compute/v1/projects/sample-deployemt/zones/us-central1-c/instanceGroups/gke-sample-cluster-my-node-pool-4348a39e-grp",
              "https://www.googleapis.com/compute/v1/projects/sample-deployemt/zones/us-central1-b/instanceGroups/gke-sample-cluster-my-node-pool-18884a37-grp"
            ],
            "management": [
              {
                "auto_repair": true,
                "auto_upgrade": true
              }
            ],
            "max_pods_per_node": null,
            "name": "my-node-pool",
            "name_prefix": "",
            "node_config": [
              {
                "boot_disk_kms_key": "",
                "disk_size_gb": 100,
                "disk_type": "pd-standard",
                "gcfs_config": [],
                "guest_accelerator": [],
                "gvnic": [],
                "image_type": "COS_CONTAINERD",
                "labels": {},
                "local_ssd_count": 0,
                "machine_type": "e2-medium",
                "metadata": {
                  "disable-legacy-endpoints": "true"
                },
                "min_cpu_platform": "",
                "node_group": "",
                "oauth_scopes": [
                  "https://www.googleapis.com/auth/logging.write",
                  "https://www.googleapis.com/auth/monitoring"
                ],
                "preemptible": true,
                "service_account": "default",
                "shielded_instance_config": [
                  {
                    "enable_integrity_monitoring": true,
                    "enable_secure_boot": false
                  }
                ],
                "tags": null,
                "taint": [],
                "workload_metadata_config": []
              }
            ],
            "node_count": 1,
            "node_locations": [
              "us-central1-b",
              "us-central1-c",
              "us-central1-f"
            ],
            "operation": null,
            "project": "sample-deployemt",
            "timeouts": null,
            "upgrade_settings": [
              {
                "max_surge": 1,
                "max_unavailable": 0
              }
            ],
            "version": "1.21.11-gke.1100"
          },
          "sensitive_attributes": [],
          "private": "eyJlMmJmYjczMC1lY2FhLTExZTYtOGY4OC0zNDM2M2JjN2M0YzAiOnsiY3JlYXRlIjoxODAwMDAwMDAwMDAwLCJkZWxldGUiOjE4MDAwMDAwMDAwMDAsInVwZGF0ZSI6MTgwMDAwMDAwMDAwMH0sInNjaGVtYV92ZXJzaW9uIjoiMSJ9",
          "dependencies": [
            "google_container_cluster.primary"
          ]
        }
      ]
    }
  ]
}
